
Microsoft Visual Studio Solution File, Format Version 12.00
# Visual Studio Version 17
VisualStudioVersion = 17.0.32126.317
MinimumVisualStudioVersion = 10.0.40219.1
Project("{FAE04EC0-301F-11D3-BF4B-00C04F79EFBC}") = "WebAplicaationProdutos", "WebAplicaationProdutos\WebAplicaationProdutos.csproj", "{F5744028-C46D-4679-82F3-F8578DC154DB}"
EndProject
Global
	GlobalSection(SolutionConfigurationPlatforms) = preSolution
		Debug|Any CPU = Debug|Any CPU
		Release|Any CPU = Release|Any CPU
	EndGlobalSection
	GlobalSection(ProjectConfigurationPlatforms) = postSolution
		{F5744028-C46D-4679-82F3-F8578DC154DB}.Debug|Any CPU.ActiveCfg = Debug|Any CPU
		{F5744028-C46D-4679-82F3-F8578DC154DB}.Debug|Any CPU.Build.0 = Debug|Any CPU
		{F5744028-C46D-4679-82F3-F8578DC154DB}.Release|Any CPU.ActiveCfg = Release|Any CPU
		{F5744028-C46D-4679-82F3-F8578DC154DB}.Release|Any CPU.Build.0 = Release|Any CPU
	EndGlobalSection
	GlobalSection(SolutionProperties) = preSolution
		HideSolutionNode = FALSE
	EndGlobalSection
	GlobalSection(ExtensibilityGlobals) = postSolution
		SolutionGuid = {B99EC95E-064F-4867-99CE-B33B0B71BFF5}
	EndGlobalSection
EndGlobal
